
Microsoft Visual Studio Solution File, Format Version 12.00
# Visual Studio Version 16
VisualStudioVersion = 16.0.32413.511
MinimumVisualStudioVersion = 10.0.40219.1
Project("{FAE04EC0-301F-11D3-BF4B-00C04F79EFBC}") = "Ejercicio5", "Ejercicio5.csproj", "{23F926DF-CDE1-4B3B-80DA-8A5B498FD350}"
EndProject
Global
	GlobalSection(SolutionConfigurationPlatforms) = preSolution
		Debug|Any CPU = Debug|Any CPU
		Release|Any CPU = Release|Any CPU
	EndGlobalSection
	GlobalSection(ProjectConfigurationPlatforms) = postSolution
		{23F926DF-CDE1-4B3B-80DA-8A5B498FD350}.Debug|Any CPU.ActiveCfg = Debug|Any CPU
		{23F926DF-CDE1-4B3B-80DA-8A5B498FD350}.Debug|Any CPU.Build.0 = Debug|Any CPU
		{23F926DF-CDE1-4B3B-80DA-8A5B498FD350}.Release|Any CPU.ActiveCfg = Release|Any CPU
		{23F926DF-CDE1-4B3B-80DA-8A5B498FD350}.Release|Any CPU.Build.0 = Release|Any CPU
	EndGlobalSection
	GlobalSection(SolutionProperties) = preSolution
		HideSolutionNode = FALSE
	EndGlobalSection
	GlobalSection(ExtensibilityGlobals) = postSolution
		SolutionGuid = {74160A23-EA30-44B8-82BD-1971F5F3D2CC}
	EndGlobalSection
EndGlobal
